{
  "nodes": {
    "nixpkgs": {
      "locked": {
        "lastModified": 1775487911,
        "narHash": "sha256-t/9J/UMAVVVj2UcQUZlp0NDD3vmne6FO1mjsWUyG3N8=",
        "owner": "NixOS",
        "repo": "nixpkgs",
        "rev": "eb77aa3ce26a7c42738ca0ef21f04fa4520ccb64",
        "type": "github"
      },
      "original": {
        "owner": "NixOS",
        "repo": "nixpkgs",
        "type": "github"
      }
    },
    "root": {
      "inputs": {
        "nixpkgs": "nixpkgs"
      }
    }
  },
  "root": "root",
  "version": 7
}
